{
    "version": 3,
    "terraform_version": "0.11.6",
    "serial": 7,
    "lineage": "ba533492-ab4d-f7aa-c95b-0481adc2056c",
    "modules": [
        {
            "path": [
                "root"
            ],
            "outputs": {},
            "resources": {
                "aws_instance.dummy_ec2_instance": {
                    "type": "aws_instance",
                    "depends_on": [],
                    "primary": {
                        "id": "i-0fb18e133cbbc2d16",
                        "attributes": {
                            "ami": "ami-bf5540df",
                            "associate_public_ip_address": "true",
                            "availability_zone": "us-west-1a",
                            "disable_api_termination": "false",
                            "ebs_block_device.#": "0",
                            "ebs_optimized": "false",
                            "ephemeral_block_device.#": "0",
                            "get_password_data": "false",
                            "iam_instance_profile": "",
                            "id": "i-0fb18e133cbbc2d16",
                            "instance_state": "running",
                            "instance_type": "t2.micro",
                            "ipv6_addresses.#": "0",
                            "key_name": "N.Cali",
                            "monitoring": "false",
                            "network_interface.#": "0",
                            "network_interface_id": "eni-0a2f1c0f",
                            "password_data": "",
                            "placement_group": "",
                            "primary_network_interface_id": "eni-0a2f1c0f",
                            "private_dns": "ip-172-31-8-73.us-west-1.compute.internal",
                            "private_ip": "172.31.8.73",
                            "public_dns": "ec2-52-53-249-69.us-west-1.compute.amazonaws.com",
                            "public_ip": "52.53.249.69",
                            "root_block_device.#": "1",
                            "root_block_device.0.delete_on_termination": "true",
                            "root_block_device.0.iops": "100",
                            "root_block_device.0.volume_id": "vol-0065d8e5a4d41090a",
                            "root_block_device.0.volume_size": "8",
                            "root_block_device.0.volume_type": "gp2",
                            "security_groups.#": "1",
                            "security_groups.3814588639": "default",
                            "source_dest_check": "true",
                            "subnet_id": "subnet-305c346b",
                            "tags.%": "1",
                            "tags.Name": "dummy_ec2_instance",
                            "tenancy": "default",
                            "volume_tags.%": "0",
                            "vpc_security_group_ids.#": "1",
                            "vpc_security_group_ids.3843829650": "sg-b36351ca"
                        },
                        "meta": {
                            "e2bfb730-ecaa-11e6-8f88-34363bc7c4c0": {
                                "create": 600000000000,
                                "delete": 1200000000000,
                                "update": 600000000000
                            },
                            "schema_version": "1"
                        },
                        "tainted": false
                    },
                    "deposed": [],
                    "provider": "provider.aws"
                }
            },
            "depends_on": []
        }
    ]
}
